// !$*UTF8*$!
{
	archiveVersion = 1;
	classes = {
	};
	objectVersion = 51;
	objects = {

/* Begin PBXBuildFile section */
		7D38E89421FFB9A400D3791E /* AppDelegate.swift in Sources */ = {isa = PBXBuildFile; fileRef = 7D38E89321FFB9A400D3791E /* AppDelegate.swift */; };
		7D38E89621FFB9A400D3791E /* ViewController.swift in Sources */ = {isa = PBXBuildFile; fileRef = 7D38E89521FFB9A400D3791E /* ViewController.swift */; };
		7D38E89921FFB9A400D3791E /* Main.storyboard in Resources */ = {isa = PBXBuildFile; fileRef = 7D38E89721FFB9A400D3791E /* Main.storyboard */; };
		7D38E89B21FFB9A400D3791E /* Assets.xcassets in Resources */ = {isa = PBXBuildFile; fileRef = 7D38E89A21FFB9A400D3791E /* Assets.xcassets */; };
		7D38E89E21FFB9A400D3791E /* LaunchScreen.storyboard in Resources */ = {isa = PBXBuildFile; fileRef = 7D38E89C21FFB9A400D3791E /* LaunchScreen.storyboard */; };
		7D38E8A921FFB9A400D3791E /* FlixTests.swift in Sources */ = {isa = PBXBuildFile; fileRef = 7D38E8A821FFB9A400D3791E /* FlixTests.swift */; };
		7D38E8B421FFB9A500D3791E /* FlixUITests.swift in Sources */ = {isa = PBXBuildFile; fileRef = 7D38E8B321FFB9A500D3791E /* FlixUITests.swift */; };
		7D38E8C221FFBB1E00D3791E /* MoviesViewController.swift in Sources */ = {isa = PBXBuildFile; fileRef = 7D38E8C121FFBB1E00D3791E /* MoviesViewController.swift */; };
		7D38E8C421FFC95900D3791E /* MovieCell.swift in Sources */ = {isa = PBXBuildFile; fileRef = 7D38E8C321FFC95900D3791E /* MovieCell.swift */; };
		A919009A2208563200CF1934 /* OAuthSwift.framework in Frameworks */ = {isa = PBXBuildFile; fileRef = A91900992208563200CF1934 /* OAuthSwift.framework */; };
		A919009C2208563600CF1934 /* AlamofireImage.framework in Frameworks */ = {isa = PBXBuildFile; fileRef = A919009B2208563600CF1934 /* AlamofireImage.framework */; };
		A919009E2208563900CF1934 /* Alamofire.framework in Frameworks */ = {isa = PBXBuildFile; fileRef = A919009D2208563900CF1934 /* Alamofire.framework */; };
		A91900A22208FA5A00CF1934 /* MovieDetailsViewController.swift in Sources */ = {isa = PBXBuildFile; fileRef = A91900A12208FA5A00CF1934 /* MovieDetailsViewController.swift */; };
		A94DED67220B6A05000C18BF /* MovieGridViewController.swift in Sources */ = {isa = PBXBuildFile; fileRef = A94DED66220B6A04000C18BF /* MovieGridViewController.swift */; };
		A94DED69220B88F3000C18BF /* CollectionViewCell.swift in Sources */ = {isa = PBXBuildFile; fileRef = A94DED68220B88EF000C18BF /* CollectionViewCell.swift */; };
		A94DED6B220B8CB6000C18BF /* MovieGridCell.swift in Sources */ = {isa = PBXBuildFile; fileRef = A94DED6A220B8CB5000C18BF /* MovieGridCell.swift */; };
/* End PBXBuildFile section */

/* Begin PBXContainerItemProxy section */
		7D38E8A521FFB9A400D3791E /* PBXContainerItemProxy */ = {
			isa = PBXContainerItemProxy;
			containerPortal = 7D38E88821FFB9A400D3791E /* Project object */;
			proxyType = 1;
			remoteGlobalIDString = 7D38E88F21FFB9A400D3791E;
			remoteInfo = Flix;
		};
		7D38E8B021FFB9A500D3791E /* PBXContainerItemProxy */ = {
			isa = PBXContainerItemProxy;
			containerPortal = 7D38E88821FFB9A400D3791E /* Project object */;
			proxyType = 1;
			remoteGlobalIDString = 7D38E88F21FFB9A400D3791E;
			remoteInfo = Flix;
		};
/* End PBXContainerItemProxy section */

/* Begin PBXFileReference section */
		7D38E89021FFB9A400D3791E /* Flix.app */ = {isa = PBXFileReference; explicitFileType = wrapper.application; includeInIndex = 0; path = Flix.app; sourceTree = BUILT_PRODUCTS_DIR; };
		7D38E89321FFB9A400D3791E /* AppDelegate.swift */ = {isa = PBXFileReference; lastKnownFileType = sourcecode.swift; path = AppDelegate.swift; sourceTree = "<group>"; };
		7D38E89521FFB9A400D3791E /* ViewController.swift */ = {isa = PBXFileReference; lastKnownFileType = sourcecode.swift; path = ViewController.swift; sourceTree = "<group>"; };
		7D38E89821FFB9A400D3791E /* Base */ = {isa = PBXFileReference; lastKnownFileType = file.storyboard; name = Base; path = Base.lproj/Main.storyboard; sourceTree = "<group>"; };
		7D38E89A21FFB9A400D3791E /* Assets.xcassets */ = {isa = PBXFileReference; lastKnownFileType = folder.assetcatalog; path = Assets.xcassets; sourceTree = "<group>"; };
		7D38E89D21FFB9A400D3791E /* Base */ = {isa = PBXFileReference; lastKnownFileType = file.storyboard; name = Base; path = Base.lproj/LaunchScreen.storyboard; sourceTree = "<group>"; };
		7D38E89F21FFB9A400D3791E /* Info.plist */ = {isa = PBXFileReference; lastKnownFileType = text.plist.xml; path = Info.plist; sourceTree = "<group>"; };
		7D38E8A421FFB9A400D3791E /* FlixTests.xctest */ = {isa = PBXFileReference; explicitFileType = wrapper.cfbundle; includeInIndex = 0; path = FlixTests.xctest; sourceTree = BUILT_PRODUCTS_DIR; };
		7D38E8A821FFB9A400D3791E /* FlixTests.swift */ = {isa = PBXFileReference; lastKnownFileType = sourcecode.swift; path = FlixTests.swift; sourceTree = "<group>"; };
		7D38E8AA21FFB9A500D3791E /* Info.plist */ = {isa = PBXFileReference; lastKnownFileType = text.plist.xml; path = Info.plist; sourceTree = "<group>"; };
		7D38E8AF21FFB9A500D3791E /* FlixUITests.xctest */ = {isa = PBXFileReference; explicitFileType = wrapper.cfbundle; includeInIndex = 0; path = FlixUITests.xctest; sourceTree = BUILT_PRODUCTS_DIR; };
		7D38E8B321FFB9A500D3791E /* FlixUITests.swift */ = {isa = PBXFileReference; lastKnownFileType = sourcecode.swift; path = FlixUITests.swift; sourceTree = "<group>"; };
		7D38E8B521FFB9A500D3791E /* Info.plist */ = {isa = PBXFileReference; lastKnownFileType = text.plist.xml; path = Info.plist; sourceTree = "<group>"; };
		7D38E8C121FFBB1E00D3791E /* MoviesViewController.swift */ = {isa = PBXFileReference; lastKnownFileType = sourcecode.swift; path = MoviesViewController.swift; sourceTree = "<group>"; };
		7D38E8C321FFC95900D3791E /* MovieCell.swift */ = {isa = PBXFileReference; lastKnownFileType = sourcecode.swift; path = MovieCell.swift; sourceTree = "<group>"; };
		A91900992208563200CF1934 /* OAuthSwift.framework */ = {isa = PBXFileReference; lastKnownFileType = wrapper.framework; name = OAuthSwift.framework; path = Carthage/Build/iOS/OAuthSwift.framework; sourceTree = "<group>"; };
		A919009B2208563600CF1934 /* AlamofireImage.framework */ = {isa = PBXFileReference; lastKnownFileType = wrapper.framework; name = AlamofireImage.framework; path = Carthage/Build/iOS/AlamofireImage.framework; sourceTree = "<group>"; };
		A919009D2208563900CF1934 /* Alamofire.framework */ = {isa = PBXFileReference; lastKnownFileType = wrapper.framework; name = Alamofire.framework; path = Carthage/Build/iOS/Alamofire.framework; sourceTree = "<group>"; };
		A91900A12208FA5A00CF1934 /* MovieDetailsViewController.swift */ = {isa = PBXFileReference; lastKnownFileType = sourcecode.swift; path = MovieDetailsViewController.swift; sourceTree = "<group>"; };
		A94DED66220B6A04000C18BF /* MovieGridViewController.swift */ = {isa = PBXFileReference; lastKnownFileType = sourcecode.swift; path = MovieGridViewController.swift; sourceTree = "<group>"; };
		A94DED68220B88EF000C18BF /* CollectionViewCell.swift */ = {isa = PBXFileReference; lastKnownFileType = sourcecode.swift; path = CollectionViewCell.swift; sourceTree = "<group>"; };
		A94DED6A220B8CB5000C18BF /* MovieGridCell.swift */ = {isa = PBXFileReference; lastKnownFileType = sourcecode.swift; path = MovieGridCell.swift; sourceTree = "<group>"; };
/* End PBXFileReference section */

/* Begin PBXFrameworksBuildPhase section */
		7D38E88D21FFB9A400D3791E /* Frameworks */ = {
			isa = PBXFrameworksBuildPhase;
			buildActionMask = 2147483647;
			files = (
				A919009E2208563900CF1934 /* Alamofire.framework in Frameworks */,
				A919009C2208563600CF1934 /* AlamofireImage.framework in Frameworks */,
				A919009A2208563200CF1934 /* OAuthSwift.framework in Frameworks */,
			);
			runOnlyForDeploymentPostprocessing = 0;
		};
		7D38E8A121FFB9A400D3791E /* Frameworks */ = {
			isa = PBXFrameworksBuildPhase;
			buildActionMask = 2147483647;
			files = (
			);
			runOnlyForDeploymentPostprocessing = 0;
		};
		7D38E8AC21FFB9A500D3791E /* Frameworks */ = {
			isa = PBXFrameworksBuildPhase;
			buildActionMask = 2147483647;
			files = (
			);
			runOnlyForDeploymentPostprocessing = 0;
		};
/* End PBXFrameworksBuildPhase section */

/* Begin PBXGroup section */
		7D38E88721FFB9A400D3791E = {
			isa = PBXGroup;
			children = (
				7D38E89221FFB9A400D3791E /* Flix */,
				7D38E8A721FFB9A400D3791E /* FlixTests */,
				7D38E8B221FFB9A500D3791E /* FlixUITests */,
				7D38E89121FFB9A400D3791E /* Products */,
				BD892386169C0B43E725ED07 /* Frameworks */,
			);
			sourceTree = "<group>";
		};
		7D38E89121FFB9A400D3791E /* Products */ = {
			isa = PBXGroup;
			children = (
				7D38E89021FFB9A400D3791E /* Flix.app */,
				7D38E8A421FFB9A400D3791E /* FlixTests.xctest */,
				7D38E8AF21FFB9A500D3791E /* FlixUITests.xctest */,
			);
			name = Products;
			sourceTree = "<group>";
		};
		7D38E89221FFB9A400D3791E /* Flix */ = {
			isa = PBXGroup;
			children = (
				7D38E89321FFB9A400D3791E /* AppDelegate.swift */,
				7D38E89721FFB9A400D3791E /* Main.storyboard */,
				A94DED6A220B8CB5000C18BF /* MovieGridCell.swift */,
				A94DED68220B88EF000C18BF /* CollectionViewCell.swift */,
				7D38E89A21FFB9A400D3791E /* Assets.xcassets */,
				7D38E89C21FFB9A400D3791E /* LaunchScreen.storyboard */,
				7D38E89521FFB9A400D3791E /* ViewController.swift */,
				7D38E8C121FFBB1E00D3791E /* MoviesViewController.swift */,
				A94DED66220B6A04000C18BF /* MovieGridViewController.swift */,
				A91900A12208FA5A00CF1934 /* MovieDetailsViewController.swift */,
				7D38E8C321FFC95900D3791E /* MovieCell.swift */,
				7D38E89F21FFB9A400D3791E /* Info.plist */,
			);
			path = Flix;
			sourceTree = "<group>";
		};
		7D38E8A721FFB9A400D3791E /* FlixTests */ = {
			isa = PBXGroup;
			children = (
				7D38E8A821FFB9A400D3791E /* FlixTests.swift */,
				7D38E8AA21FFB9A500D3791E /* Info.plist */,
			);
			path = FlixTests;
			sourceTree = "<group>";
		};
		7D38E8B221FFB9A500D3791E /* FlixUITests */ = {
			isa = PBXGroup;
			children = (
				7D38E8B321FFB9A500D3791E /* FlixUITests.swift */,
				7D38E8B521FFB9A500D3791E /* Info.plist */,
			);
			path = FlixUITests;
			sourceTree = "<group>";
		};
		BD892386169C0B43E725ED07 /* Frameworks */ = {
			isa = PBXGroup;
			children = (
				A919009D2208563900CF1934 /* Alamofire.framework */,
				A919009B2208563600CF1934 /* AlamofireImage.framework */,
				A91900992208563200CF1934 /* OAuthSwift.framework */,
			);
			name = Frameworks;
			sourceTree = "<group>";
		};
/* End PBXGroup section */

/* Begin PBXNativeTarget section */
		7D38E88F21FFB9A400D3791E /* Flix */ = {
			isa = PBXNativeTarget;
			buildConfigurationList = 7D38E8B821FFB9A500D3791E /* Build configuration list for PBXNativeTarget "Flix" */;
			buildPhases = (
				7D38E88C21FFB9A400D3791E /* Sources */,
				7D38E88D21FFB9A400D3791E /* Frameworks */,
				7D38E88E21FFB9A400D3791E /* Resources */,
				A919009F2208565900CF1934 /* ShellScript */,
			);
			buildRules = (
			);
			dependencies = (
			);
			name = Flix;
			productName = Flix;
			productReference = 7D38E89021FFB9A400D3791E /* Flix.app */;
			productType = "com.apple.product-type.application";
		};
		7D38E8A321FFB9A400D3791E /* FlixTests */ = {
			isa = PBXNativeTarget;
			buildConfigurationList = 7D38E8BB21FFB9A500D3791E /* Build configuration list for PBXNativeTarget "FlixTests" */;
			buildPhases = (
				7D38E8A021FFB9A400D3791E /* Sources */,
				7D38E8A121FFB9A400D3791E /* Frameworks */,
				7D38E8A221FFB9A400D3791E /* Resources */,
			);
			buildRules = (
			);
			dependencies = (
				7D38E8A621FFB9A400D3791E /* PBXTargetDependency */,
			);
			name = FlixTests;
			productName = FlixTests;
			productReference = 7D38E8A421FFB9A400D3791E /* FlixTests.xctest */;
			productType = "com.apple.product-type.bundle.unit-test";
		};
		7D38E8AE21FFB9A500D3791E /* FlixUITests */ = {
			isa = PBXNativeTarget;
			buildConfigurationList = 7D38E8BE21FFB9A500D3791E /* Build configuration list for PBXNativeTarget "FlixUITests" */;
			buildPhases = (
				7D38E8AB21FFB9A500D3791E /* Sources */,
				7D38E8AC21FFB9A500D3791E /* Frameworks */,
				7D38E8AD21FFB9A500D3791E /* Resources */,
			);
			buildRules = (
			);
			dependencies = (
				7D38E8B121FFB9A500D3791E /* PBXTargetDependency */,
			);
			name = FlixUITests;
			productName = FlixUITests;
			productReference = 7D38E8AF21FFB9A500D3791E /* FlixUITests.xctest */;
			productType = "com.apple.product-type.bundle.ui-testing";
		};
/* End PBXNativeTarget section */

/* Begin PBXProject section */
		7D38E88821FFB9A400D3791E /* Project object */ = {
			isa = PBXProject;
			attributes = {
				LastSwiftUpdateCheck = 0920;
				LastUpgradeCheck = 1010;
				ORGANIZATIONNAME = "Diana Andersen";
				TargetAttributes = {
					7D38E88F21FFB9A400D3791E = {
						CreatedOnToolsVersion = 9.2;
						LastSwiftMigration = 1010;
						ProvisioningStyle = Automatic;
					};
					7D38E8A321FFB9A400D3791E = {
						CreatedOnToolsVersion = 9.2;
						LastSwiftMigration = 1010;
						ProvisioningStyle = Automatic;
						TestTargetID = 7D38E88F21FFB9A400D3791E;
					};
					7D38E8AE21FFB9A500D3791E = {
						CreatedOnToolsVersion = 9.2;
						LastSwiftMigration = 1010;
						ProvisioningStyle = Automatic;
						TestTargetID = 7D38E88F21FFB9A400D3791E;
					};
				};
			};
			buildConfigurationList = 7D38E88B21FFB9A400D3791E /* Build configuration list for PBXProject "Flix" */;
			compatibilityVersion = "Xcode 10.0";
			developmentRegion = en;
			hasScannedForEncodings = 0;
			knownRegions = (
				en,
				Base,
			);
			mainGroup = 7D38E88721FFB9A400D3791E;
			productRefGroup = 7D38E89121FFB9A400D3791E /* Products */;
			projectDirPath = "";
			projectRoot = "";
			targets = (
				7D38E88F21FFB9A400D3791E /* Flix */,
				7D38E8A321FFB9A400D3791E /* FlixTests */,
				7D38E8AE21FFB9A500D3791E /* FlixUITests */,
			);
		};
/* End PBXProject section */

/* Begin PBXResourcesBuildPhase section */
		7D38E88E21FFB9A400D3791E /* Resources */ = {
			isa = PBXResourcesBuildPhase;
			buildActionMask = 2147483647;
			files = (
				7D38E89E21FFB9A400D3791E /* LaunchScreen.storyboard in Resources */,
				7D38E89B21FFB9A400D3791E /* Assets.xcassets in Resources */,
				7D38E89921FFB9A400D3791E /* Main.storyboard in Resources */,
			);
			runOnlyForDeploymentPostprocessing = 0;
		};
		7D38E8A221FFB9A400D3791E /* Resources */ = {
			isa = PBXResourcesBuildPhase;
			buildActionMask = 2147483647;
			files = (
			);
			runOnlyForDeploymentPostprocessing = 0;
		};
		7D38E8AD21FFB9A500D3791E /* Resources */ = {
			isa = PBXResourcesBuildPhase;
			buildActionMask = 2147483647;
			files = (
			);
			runOnlyForDeploymentPostprocessing = 0;
		};
/* End PBXResourcesBuildPhase section */

/* Begin PBXShellScriptBuildPhase section */
		A919009F2208565900CF1934 /* ShellScript */ = {
			isa = PBXShellScriptBuildPhase;
			buildActionMask = 2147483647;
			files = (
			);
			inputFileListPaths = (
			);
			inputPaths = (
				"$(SRCROOT)/Carthage/Build/iOS/Alamofire.framework",
				"$(SRCROOT)/Carthage/Build/iOS/AlamofireImage.framework",
				"$(SRCROOT)/Carthage/Build/iOS/OAuthSwift.framework",
			);
			outputFileListPaths = (
			);
			outputPaths = (
			);
			runOnlyForDeploymentPostprocessing = 0;
			shellPath = /bin/sh;
			shellScript = "/usr/local/bin/carthage copy-frameworks\n";
		};
/* End PBXShellScriptBuildPhase section */

/* Begin PBXSourcesBuildPhase section */
		7D38E88C21FFB9A400D3791E /* Sources */ = {
			isa = PBXSourcesBuildPhase;
			buildActionMask = 2147483647;
			files = (
				A91900A22208FA5A00CF1934 /* MovieDetailsViewController.swift in Sources */,
				7D38E89621FFB9A400D3791E /* ViewController.swift in Sources */,
				7D38E89421FFB9A400D3791E /* AppDelegate.swift in Sources */,
				A94DED69220B88F3000C18BF /* CollectionViewCell.swift in Sources */,
				A94DED6B220B8CB6000C18BF /* MovieGridCell.swift in Sources */,
				7D38E8C421FFC95900D3791E /* MovieCell.swift in Sources */,
				7D38E8C221FFBB1E00D3791E /* MoviesViewController.swift in Sources */,
				A94DED67220B6A05000C18BF /* MovieGridViewController.swift in Sources */,
			);
			runOnlyForDeploymentPostprocessing = 0;
		};
		7D38E8A021FFB9A400D3791E /* Sources */ = {
			isa = PBXSourcesBuildPhase;
			buildActionMask = 2147483647;
			files = (
				7D38E8A921FFB9A400D3791E /* FlixTests.swift in Sources */,
			);
			runOnlyForDeploymentPostprocessing = 0;
		};
		7D38E8AB21FFB9A500D3791E /* Sources */ = {
			isa = PBXSourcesBuildPhase;
			buildActionMask = 2147483647;
			files = (
				7D38E8B421FFB9A500D3791E /* FlixUITests.swift in Sources */,
			);
			runOnlyForDeploymentPostprocessing = 0;
		};
/* End PBXSourcesBuildPhase section */

/* Begin PBXTargetDependency section */
		7D38E8A621FFB9A400D3791E /* PBXTargetDependency */ = {
			isa = PBXTargetDependency;
			target = 7D38E88F21FFB9A400D3791E /* Flix */;
			targetProxy = 7D38E8A521FFB9A400D3791E /* PBXContainerItemProxy */;
		};
		7D38E8B121FFB9A500D3791E /* PBXTargetDependency */ = {
			isa = PBXTargetDependency;
			target = 7D38E88F21FFB9A400D3791E /* Flix */;
			targetProxy = 7D38E8B021FFB9A500D3791E /* PBXContainerItemProxy */;
		};
/* End PBXTargetDependency section */

/* Begin PBXVariantGroup section */
		7D38E89721FFB9A400D3791E /* Main.storyboard */ = {
			isa = PBXVariantGroup;
			children = (
				7D38E89821FFB9A400D3791E /* Base */,
			);
			name = Main.storyboard;
			sourceTree = "<group>";
		};
		7D38E89C21FFB9A400D3791E /* LaunchScreen.storyboard */ = {
			isa = PBXVariantGroup;
			children = (
				7D38E89D21FFB9A400D3791E /* Base */,
			);
			name = LaunchScreen.storyboard;
			sourceTree = "<group>";
		};
/* End PBXVariantGroup section */

/* Begin XCBuildConfiguration section */
		7D38E8B621FFB9A500D3791E /* Debug */ = {
			isa = XCBuildConfiguration;
			buildSettings = {
				ALWAYS_EMBED_SWIFT_STANDARD_LIBRARIES = YES;
				ALWAYS_SEARCH_USER_PATHS = NO;
				CLANG_ANALYZER_NONNULL = YES;
				CLANG_ANALYZER_NUMBER_OBJECT_CONVERSION = YES_AGGRESSIVE;
				CLANG_CXX_LANGUAGE_STANDARD = "gnu++14";
				CLANG_CXX_LIBRARY = "libc++";
				CLANG_ENABLE_MODULES = YES;
				CLANG_ENABLE_OBJC_ARC = YES;
				CLANG_WARN_BLOCK_CAPTURE_AUTORELEASING = YES;
				CLANG_WARN_BOOL_CONVERSION = YES;
				CLANG_WARN_COMMA = YES;
				CLANG_WARN_CONSTANT_CONVERSION = YES;
				CLANG_WARN_DEPRECATED_OBJC_IMPLEMENTATIONS = YES;
				CLANG_WARN_DIRECT_OBJC_ISA_USAGE = YES_ERROR;
				CLANG_WARN_DOCUMENTATION_COMMENTS = YES;
				CLANG_WARN_EMPTY_BODY = YES;
				CLANG_WARN_ENUM_CONVERSION = YES;
				CLANG_WARN_INFINITE_RECURSION = YES;
				CLANG_WARN_INT_CONVERSION = YES;
				CLANG_WARN_NON_LITERAL_NULL_CONVERSION = YES;
				CLANG_WARN_OBJC_IMPLICIT_RETAIN_SELF = YES;
				CLANG_WARN_OBJC_LITERAL_CONVERSION = YES;
				CLANG_WARN_OBJC_ROOT_CLASS = YES_ERROR;
				CLANG_WARN_RANGE_LOOP_ANALYSIS = YES;
				CLANG_WARN_STRICT_PROTOTYPES = YES;
				CLANG_WARN_SUSPICIOUS_MOVE = YES;
				CLANG_WARN_UNGUARDED_AVAILABILITY = YES_AGGRESSIVE;
				CLANG_WARN_UNREACHABLE_CODE = YES;
				CLANG_WARN__DUPLICATE_METHOD_MATCH = YES;
				CODE_SIGN_IDENTITY = "iPhone Developer";
				COPY_PHASE_STRIP = NO;
				DEBUG_INFORMATION_FORMAT = dwarf;
				DEVELOPMENT_TEAM = S6JMTMT272;
				ENABLE_STRICT_OBJC_MSGSEND = YES;
				ENABLE_TESTABILITY = YES;
				GCC_C_LANGUAGE_STANDARD = gnu11;
				GCC_DYNAMIC_NO_PIC = NO;
				GCC_NO_COMMON_BLOCKS = YES;
				GCC_OPTIMIZATION_LEVEL = 0;
				GCC_PREPROCESSOR_DEFINITIONS = (
					"DEBUG=1",
					"$(inherited)",
				);
				GCC_WARN_64_TO_32_BIT_CONVERSION = YES;
				GCC_WARN_ABOUT_RETURN_TYPE = YES_ERROR;
				GCC_WARN_UNDECLARED_SELECTOR = YES;
				GCC_WARN_UNINITIALIZED_AUTOS = YES_AGGRESSIVE;
				GCC_WARN_UNUSED_FUNCTION = YES;
				GCC_WARN_UNUSED_VARIABLE = YES;
				IPHONEOS_DEPLOYMENT_TARGET = 12.0;
				MTL_ENABLE_DEBUG_INFO = YES;
				ONLY_ACTIVE_ARCH = YES;
				SDKROOT = iphoneos;
				SWIFT_ACTIVE_COMPILATION_CONDITIONS = DEBUG;
				SWIFT_OPTIMIZATION_LEVEL = "-Onone";
				SWIFT_VERSION = 4.2;
			};
			name = Debug;
		};
		7D38E8B721FFB9A500D3791E /* Release */ = {
			isa = XCBuildConfiguration;
			buildSettings = {
				ALWAYS_EMBED_SWIFT_STANDARD_LIBRARIES = YES;
				ALWAYS_SEARCH_USER_PATHS = NO;
				CLANG_ANALYZER_NONNULL = YES;
				CLANG_ANALYZER_NUMBER_OBJECT_CONVERSION = YES_AGGRESSIVE;
				CLANG_CXX_LANGUAGE_STANDARD = "gnu++14";
				CLANG_CXX_LIBRARY = "libc++";
				CLANG_ENABLE_MODULES = YES;
				CLANG_ENABLE_OBJC_ARC = YES;
				CLANG_WARN_BLOCK_CAPTURE_AUTORELEASING = YES;
				CLANG_WARN_BOOL_CONVERSION = YES;
				CLANG_WARN_COMMA = YES;
				CLANG_WARN_CONSTANT_CONVERSION = YES;
				CLANG_WARN_DEPRECATED_OBJC_IMPLEMENTATIONS = YES;
				CLANG_WARN_DIRECT_OBJC_ISA_USAGE = YES_ERROR;
				CLANG_WARN_DOCUMENTATION_COMMENTS = YES;
				CLANG_WARN_EMPTY_BODY = YES;
				CLANG_WARN_ENUM_CONVERSION = YES;
				CLANG_WARN_INFINITE_RECURSION = YES;
				CLANG_WARN_INT_CONVERSION = YES;
				CLANG_WARN_NON_LITERAL_NULL_CONVERSION = YES;
				CLANG_WARN_OBJC_IMPLICIT_RETAIN_SELF = YES;
				CLANG_WARN_OBJC_LITERAL_CONVERSION = YES;
				CLANG_WARN_OBJC_ROOT_CLASS = YES_ERROR;
				CLANG_WARN_RANGE_LOOP_ANALYSIS = YES;
				CLANG_WARN_STRICT_PROTOTYPES = YES;
				CLANG_WARN_SUSPICIOUS_MOVE = YES;
				CLANG_WARN_UNGUARDED_AVAILABILITY = YES_AGGRESSIVE;
				CLANG_WARN_UNREACHABLE_CODE = YES;
				CLANG_WARN__DUPLICATE_METHOD_MATCH = YES;
				CODE_SIGN_IDENTITY = "iPhone Developer";
				COPY_PHASE_STRIP = NO;
				DEBUG_INFORMATION_FORMAT = "dwarf-with-dsym";
				DEVELOPMENT_TEAM = S6JMTMT272;
				ENABLE_NS_ASSERTIONS = NO;
				ENABLE_STRICT_OBJC_MSGSEND = YES;
				GCC_C_LANGUAGE_STANDARD = gnu11;
				GCC_NO_COMMON_BLOCKS = YES;
				GCC_WARN_64_TO_32_BIT_CONVERSION = YES;
				GCC_WARN_ABOUT_RETURN_TYPE = YES_ERROR;
				GCC_WARN_UNDECLARED_SELECTOR = YES;
				GCC_WARN_UNINITIALIZED_AUTOS = YES_AGGRESSIVE;
				GCC_WARN_UNUSED_FUNCTION = YES;
				GCC_WARN_UNUSED_VARIABLE = YES;
				IPHONEOS_DEPLOYMENT_TARGET = 12.0;
				MTL_ENABLE_DEBUG_INFO = NO;
				SDKROOT = iphoneos;
				SWIFT_COMPILATION_MODE = wholemodule;
				SWIFT_OPTIMIZATION_LEVEL = "-O";
				SWIFT_VERSION = 4.2;
				VALIDATE_PRODUCT = YES;
			};
			name = Release;
		};
		7D38E8B921FFB9A500D3791E /* Debug */ = {
			isa = XCBuildConfiguration;
			buildSettings = {
				ASSETCATALOG_COMPILER_APPICON_NAME = AppIcon;
				CODE_SIGN_STYLE = Automatic;
				FRAMEWORK_SEARCH_PATHS = (
					"$(inherited)",
					"$(PROJECT_DIR)/Carthage/Build/iOS",
				);
				INFOPLIST_FILE = Flix/Info.plist;
				LD_RUNPATH_SEARCH_PATHS = (
					"$(inherited)",
					"@executable_path/Frameworks",
				);
				PRODUCT_BUNDLE_IDENTIFIER = iTransCode.Flix;
				PRODUCT_NAME = "$(TARGET_NAME)";
				SWIFT_VERSION = 4.2;
				TARGETED_DEVICE_FAMILY = "1,2";
			};
			name = Debug;
		};
		7D38E8BA21FFB9A500D3791E /* Release */ = {
			isa = XCBuildConfiguration;
			buildSettings = {
				ASSETCATALOG_COMPILER_APPICON_NAME = AppIcon;
				CODE_SIGN_STYLE = Automatic;
				FRAMEWORK_SEARCH_PATHS = (
					"$(inherited)",
					"$(PROJECT_DIR)/Carthage/Build/iOS",
				);
				INFOPLIST_FILE = Flix/Info.plist;
				LD_RUNPATH_SEARCH_PATHS = (
					"$(inherited)",
					"@executable_path/Frameworks",
				);
				PRODUCT_BUNDLE_IDENTIFIER = iTransCode.Flix;
				PRODUCT_NAME = "$(TARGET_NAME)";
				SWIFT_VERSION = 4.2;
				TARGETED_DEVICE_FAMILY = "1,2";
			};
			name = Release;
		};
		7D38E8BC21FFB9A500D3791E /* Debug */ = {
			isa = XCBuildConfiguration;
			buildSettings = {
				ALWAYS_EMBED_SWIFT_STANDARD_LIBRARIES = YES;
				BUNDLE_LOADER = "$(TEST_HOST)";
				CODE_SIGN_STYLE = Automatic;
				INFOPLIST_FILE = FlixTests/Info.plist;
				LD_RUNPATH_SEARCH_PATHS = (
					"$(inherited)",
					"@executable_path/Frameworks",
					"@loader_path/Frameworks",
				);
				PRODUCT_BUNDLE_IDENTIFIER = iTransCode.FlixTests;
				PRODUCT_NAME = "$(TARGET_NAME)";
				SWIFT_VERSION = 4.2;
				TARGETED_DEVICE_FAMILY = "1,2";
				TEST_HOST = "$(BUILT_PRODUCTS_DIR)/Flix.app/Flix";
			};
			name = Debug;
		};
		7D38E8BD21FFB9A500D3791E /* Release */ = {
			isa = XCBuildConfiguration;
			buildSettings = {
				ALWAYS_EMBED_SWIFT_STANDARD_LIBRARIES = YES;
				BUNDLE_LOADER = "$(TEST_HOST)";
				CODE_SIGN_STYLE = Automatic;
				INFOPLIST_FILE = FlixTests/Info.plist;
				LD_RUNPATH_SEARCH_PATHS = (
					"$(inherited)",
					"@executable_path/Frameworks",
					"@loader_path/Frameworks",
				);
				PRODUCT_BUNDLE_IDENTIFIER = iTransCode.FlixTests;
				PRODUCT_NAME = "$(TARGET_NAME)";
				SWIFT_VERSION = 4.2;
				TARGETED_DEVICE_FAMILY = "1,2";
				TEST_HOST = "$(BUILT_PRODUCTS_DIR)/Flix.app/Flix";
			};
			name = Release;
		};
		7D38E8BF21FFB9A500D3791E /* Debug */ = {
			isa = XCBuildConfiguration;
			buildSettings = {
				ALWAYS_EMBED_SWIFT_STANDARD_LIBRARIES = YES;
				CODE_SIGN_STYLE = Automatic;
				INFOPLIST_FILE = FlixUITests/Info.plist;
				LD_RUNPATH_SEARCH_PATHS = (
					"$(inherited)",
					"@executable_path/Frameworks",
					"@loader_path/Frameworks",
				);
				PRODUCT_BUNDLE_IDENTIFIER = iTransCode.FlixUITests;
				PRODUCT_NAME = "$(TARGET_NAME)";
				SWIFT_VERSION = 4.2;
				TARGETED_DEVICE_FAMILY = "1,2";
				TEST_TARGET_NAME = Flix;
			};
			name = Debug;
		};
		7D38E8C021FFB9A500D3791E /* Release */ = {
			isa = XCBuildConfiguration;
			buildSettings = {
				ALWAYS_EMBED_SWIFT_STANDARD_LIBRARIES = YES;
				CODE_SIGN_STYLE = Automatic;
				INFOPLIST_FILE = FlixUITests/Info.plist;
				LD_RUNPATH_SEARCH_PATHS = (
					"$(inherited)",
					"@executable_path/Frameworks",
					"@loader_path/Frameworks",
				);
				PRODUCT_BUNDLE_IDENTIFIER = iTransCode.FlixUITests;
				PRODUCT_NAME = "$(TARGET_NAME)";
				SWIFT_VERSION = 4.2;
				TARGETED_DEVICE_FAMILY = "1,2";
				TEST_TARGET_NAME = Flix;
			};
			name = Release;
		};
/* End XCBuildConfiguration section */

/* Begin XCConfigurationList section */
		7D38E88B21FFB9A400D3791E /* Build configuration list for PBXProject "Flix" */ = {
			isa = XCConfigurationList;
			buildConfigurations = (
				7D38E8B621FFB9A500D3791E /* Debug */,
				7D38E8B721FFB9A500D3791E /* Release */,
			);
			defaultConfigurationIsVisible = 0;
			defaultConfigurationName = Release;
		};
		7D38E8B821FFB9A500D3791E /* Build configuration list for PBXNativeTarget "Flix" */ = {
			isa = XCConfigurationList;
			buildConfigurations = (
				7D38E8B921FFB9A500D3791E /* Debug */,
				7D38E8BA21FFB9A500D3791E /* Release */,
			);
			defaultConfigurationIsVisible = 0;
			defaultConfigurationName = Release;
		};
		7D38E8BB21FFB9A500D3791E /* Build configuration list for PBXNativeTarget "FlixTests" */ = {
			isa = XCConfigurationList;
			buildConfigurations = (
				7D38E8BC21FFB9A500D3791E /* Debug */,
				7D38E8BD21FFB9A500D3791E /* Release */,
			);
			defaultConfigurationIsVisible = 0;
			defaultConfigurationName = Release;
		};
		7D38E8BE21FFB9A500D3791E /* Build configuration list for PBXNativeTarget "FlixUITests" */ = {
			isa = XCConfigurationList;
			buildConfigurations = (
				7D38E8BF21FFB9A500D3791E /* Debug */,
				7D38E8C021FFB9A500D3791E /* Release */,
			);
			defaultConfigurationIsVisible = 0;
			defaultConfigurationName = Release;
		};
/* End XCConfigurationList section */
	};
	rootObject = 7D38E88821FFB9A400D3791E /* Project object */;
}
